<?xml version="1.0" encoding="utf-8"?>
<Project ToolsVersion="4.0" xmlns="http://schemas.microsoft.com/developer/msbuild/2003">
  <ItemGroup>
    <Filter Include="VisualGDB settings">
      <UniqueIdentifier>{05b7603b-e33c-40e2-9416-9c963fd7178b}</UniqueIdentifier>
    </Filter>
    <Filter Include="include">
      <UniqueIdentifier>{093f9ac6-89de-4893-8406-d4251ccadd7c}</UniqueIdentifier>
      <Extensions>h;hpp;hxx;hm;inl;inc;xsd</Extensions>
    </Filter>
    <Filter Include="include\Device-specific files">
      <UniqueIdentifier>{1d3df86a-5beb-46c7-bbf1-edf09347ce41}</UniqueIdentifier>
    </Filter>
    <Filter Include="include\Device-specific files\Peripherals">
      <UniqueIdentifier>{3f7b73fc-54db-4ed1-8925-2161a19aa00c}</UniqueIdentifier>
    </Filter>
    <Filter Include="include\Device-specific files\Utils">
      <UniqueIdentifier>{0c9349fb-912c-4e9d-ba6a-edb53f960091}</UniqueIdentifier>
    </Filter>
    <Filter Include="include\Device-specific files\Boards">
      <UniqueIdentifier>{a8f6ad0c-5801-4901-bd43-fd0255de4235}</UniqueIdentifier>
    </Filter>
    <Filter Include="include\Device-specific files\Libraries">
      <UniqueIdentifier>{578fb2db-8078-4f75-b5a0-759ae3662fab}</UniqueIdentifier>
    </Filter>
    <Filter Include="src">
      <UniqueIdentifier>{41c7a3ce-cac8-4791-97f5-5570b0346653}</UniqueIdentifier>
      <Extensions>cpp;c;cc;cxx;def;odl;idl;hpj;bat;asm;asmx</Extensions>
    </Filter>
    <Filter Include="src\Device-specific files">
      <UniqueIdentifier>{ec4025f7-33b7-43a9-9678-5cdd2c655929}</UniqueIdentifier>
    </Filter>
    <Filter Include="src\Device-specific files\Peripherals">
      <UniqueIdentifier>{25bdf30e-2dff-4e65-803f-a26db3031462}</UniqueIdentifier>
    </Filter>
    <Filter Include="src\Device-specific files\Utils">
      <UniqueIdentifier>{9c32fa48-fdf1-4748-a4f3-4216293e1b4d}</UniqueIdentifier>
    </Filter>
    <Filter Include="src\Device-specific files\Boards">
      <UniqueIdentifier>{508bc922-ea1e-469b-bcda-2cc9f27728c8}</UniqueIdentifier>
    </Filter>
    <Filter Include="src\Device-specific files\Libraries">
      <UniqueIdentifier>{44994b3d-70f1-470b-982f-771aa070d1db}</UniqueIdentifier>
    </Filter>
    <Filter Include="include\nrf52">
      <UniqueIdentifier>{c4015383-f01d-446e-8ad6-21b686deebf6}</UniqueIdentifier>
    </Filter>
    <Filter Include="include\uhsm">
      <UniqueIdentifier>{d90b8990-537f-4934-87b8-617f55174072}</UniqueIdentifier>
    </Filter>
  </ItemGroup>
  <ItemGroup>
    <None Include="nrf5x.props">
      <Filter>src\Device-specific files</Filter>
    </None>
    <ClCompile Include="$(BSP_ROOT)\nRF5x\components\toolchain\system_nrf52840.c">
      <Filter>src\Device-specific files</Filter>
    </ClCompile>
    <ClCompile Include="$(BSP_ROOT)\nRF5x\components\toolchain\gcc\gcc_startup_nrf52840.S">
      <Filter>src\Device-specific files</Filter>
    </ClCompile>
    <ClCompile Include="$(BSP_ROOT)\nRF5x\components\drivers_nrf\clock\nrf_drv_clock.c">
      <Filter>src\Device-specific files\Peripherals</Filter>
    </ClCompile>
    <ClCompile Include="$(BSP_ROOT)\nRF5x\components\drivers_nrf\common\nrf_drv_common.c">
      <Filter>src\Device-specific files\Peripherals</Filter>
    </ClCompile>
    <ClCompile Include="$(BSP_ROOT)\nRF5x\components\drivers_nrf\hal\nrf_nvmc.c">
      <Filter>src\Device-specific files\Peripherals</Filter>
    </ClCompile>
    <ClCompile Include="$(BSP_ROOT)\nRF5x\components\drivers_nrf\hal\nrf_saadc.c">
      <Filter>src\Device-specific files\Peripherals</Filter>
    </ClCompile>
    <ClCompile Include="$(BSP_ROOT)\nRF5x\components\drivers_nrf\nrf_soc_nosd\nrf_nvic.c">
      <Filter>src\Device-specific files\Peripherals</Filter>
    </ClCompile>
    <ClCompile Include="$(BSP_ROOT)\nRF5x\components\drivers_nrf\nrf_soc_nosd\nrf_soc.c">
      <Filter>src\Device-specific files\Peripherals</Filter>
    </ClCompile>
    <ClCompile Include="$(BSP_ROOT)\nRF5x\components\drivers_nrf\radio_config\radio_config.c">
      <Filter>src\Device-specific files\Peripherals</Filter>
    </ClCompile>
    <ClCompile Include="$(BSP_ROOT)\nRF5x\components\drivers_nrf\sdio\sdio.c">
      <Filter>src\Device-specific files\Peripherals</Filter>
    </ClCompile>
    <ClCompile Include="$(BSP_ROOT)\nRF5x\components\libraries\util\app_error.c">
      <Filter>src\Device-specific files\Utils</Filter>
    </ClCompile>
    <ClCompile Include="$(BSP_ROOT)\nRF5x\components\libraries\util\app_error_weak.c">
      <Filter>src\Device-specific files\Utils</Filter>
    </ClCompile>
    <ClCompile Include="$(BSP_ROOT)\nRF5x\components\libraries\util\app_util_platform.c">
      <Filter>src\Device-specific files\Utils</Filter>
    </ClCompile>
    <ClCompile Include="$(BSP_ROOT)\nRF5x\components\libraries\util\nrf_assert.c">
      <Filter>src\Device-specific files\Utils</Filter>
    </ClCompile>
    <ClCompile Include="$(BSP_ROOT)\nRF5x\components\libraries\util\sdk_mapped_flags.c">
      <Filter>src\Device-specific files\Utils</Filter>
    </ClCompile>
    <ClCompile Include="$(BSP_ROOT)\nRF5x\components\boards\boards.c">
      <Filter>src\Device-specific files\Boards</Filter>
    </ClCompile>
    <ClCompile Include="$(BSP_ROOT)\nRF5x\components\libraries\bsp\bsp.c">
      <Filter>src\Device-specific files\Boards</Filter>
    </ClCompile>
    <ClCompile Include="$(BSP_ROOT)\nRF5x\components\libraries\bsp\bsp_nfc.c">
      <Filter>src\Device-specific files\Boards</Filter>
    </ClCompile>
    <ClCompile Include="$(BSP_ROOT)\nRF5x\components\libraries\cli\nrf_cli.c">
      <Filter>src\Device-specific files\Libraries</Filter>
    </ClCompile>
    <ClCompile Include="$(BSP_ROOT)\nRF5x\components\libraries\cli\cdc_acm\nrf_cli_cdc_acm.c">
      <Filter>src\Device-specific files\Libraries</Filter>
    </ClCompile>
    <ClCompile Include="$(BSP_ROOT)\nRF5x\components\libraries\cli\rtt\nrf_cli_rtt.c">
      <Filter>src\Device-specific files\Libraries</Filter>
    </ClCompile>
    <ClCompile Include="$(BSP_ROOT)\nRF5x\external\fprintf\nrf_fprintf.c">
      <Filter>src\Device-specific files\Libraries</Filter>
    </ClCompile>
    <ClCompile Include="$(BSP_ROOT)\nRF5x\external\fprintf\nrf_fprintf_format.c">
      <Filter>src\Device-specific files\Libraries</Filter>
    </ClCompile>
    <ClInclude Include="$(BSP_ROOT)\nRF5x\components\toolchain\system_nrf51.h">
      <Filter>include\Device-specific files</Filter>
    </ClInclude>
    <ClInclude Include="$(BSP_ROOT)\nRF5x\components\toolchain\system_nrf52.h">
      <Filter>include\Device-specific files</Filter>
    </ClInclude>
    <ClInclude Include="$(BSP_ROOT)\nRF5x\components\toolchain\system_nrf52810.h">
      <Filter>include\Device-specific files</Filter>
    </ClInclude>
    <ClInclude Include="$(BSP_ROOT)\nRF5x\components\toolchain\system_nrf52840.h">
      <Filter>include\Device-specific files</Filter>
    </ClInclude>
    <ClInclude Include="$(BSP_ROOT)\nRF5x\components\toolchain\cmsis\include\arm_common_tables.h">
      <Filter>include\Device-specific files</Filter>
    </ClInclude>
    <ClInclude Include="$(BSP_ROOT)\nRF5x\components\toolchain\cmsis\include\arm_const_structs.h">
      <Filter>include\Device-specific files</Filter>
    </ClInclude>
    <ClInclude Include="$(BSP_ROOT)\nRF5x\components\toolchain\cmsis\include\arm_math.h">
      <Filter>include\Device-specific files</Filter>
    </ClInclude>
    <ClInclude Include="$(BSP_ROOT)\nRF5x\components\toolchain\cmsis\include\cmsis_armcc.h">
      <Filter>include\Device-specific files</Filter>
    </ClInclude>
    <ClInclude Include="$(BSP_ROOT)\nRF5x\components\toolchain\cmsis\include\cmsis_armcc_V6.h">
      <Filter>include\Device-specific files</Filter>
    </ClInclude>
    <ClInclude Include="$(BSP_ROOT)\nRF5x\components\toolchain\cmsis\include\cmsis_gcc.h">
      <Filter>include\Device-specific files</Filter>
    </ClInclude>
    <ClInclude Include="$(BSP_ROOT)\nRF5x\components\toolchain\cmsis\include\core_cm0.h">
      <Filter>include\Device-specific files</Filter>
    </ClInclude>
    <ClInclude Include="$(BSP_ROOT)\nRF5x\components\toolchain\cmsis\include\core_cm0plus.h">
      <Filter>include\Device-specific files</Filter>
    </ClInclude>
    <ClInclude Include="$(BSP_ROOT)\nRF5x\components\toolchain\cmsis\include\core_cm3.h">
      <Filter>include\Device-specific files</Filter>
    </ClInclude>
    <ClInclude Include="$(BSP_ROOT)\nRF5x\components\toolchain\cmsis\include\core_cm4.h">
      <Filter>include\Device-specific files</Filter>
    </ClInclude>
    <ClInclude Include="$(BSP_ROOT)\nRF5x\components\toolchain\cmsis\include\core_cm7.h">
      <Filter>include\Device-specific files</Filter>
    </ClInclude>
    <ClInclude Include="$(BSP_ROOT)\nRF5x\components\toolchain\cmsis\include\core_cmFunc.h">
      <Filter>include\Device-specific files</Filter>
    </ClInclude>
    <ClInclude Include="$(BSP_ROOT)\nRF5x\components\toolchain\cmsis\include\core_cmInstr.h">
      <Filter>include\Device-specific files</Filter>
    </ClInclude>
    <ClInclude Include="$(BSP_ROOT)\nRF5x\components\toolchain\cmsis\include\core_cmSimd.h">
      <Filter>include\Device-specific files</Filter>
    </ClInclude>
    <ClInclude Include="$(BSP_ROOT)\nRF5x\components\toolchain\cmsis\include\core_sc000.h">
      <Filter>include\Device-specific files</Filter>
    </ClInclude>
    <ClInclude Include="$(BSP_ROOT)\nRF5x\components\toolchain\cmsis\include\core_sc300.h">
      <Filter>include\Device-specific files</Filter>
    </ClInclude>
    <ClInclude Include="$(BSP_ROOT)\nRF5x\components\device\compiler_abstraction.h">
      <Filter>include\Device-specific files</Filter>
    </ClInclude>
    <ClInclude Include="$(BSP_ROOT)\nRF5x\components\device\nrf.h">
      <Filter>include\Device-specific files</Filter>
    </ClInclude>
    <ClInclude Include="$(BSP_ROOT)\nRF5x\components\device\nrf51.h">
      <Filter>include\Device-specific files</Filter>
    </ClInclude>
    <ClInclude Include="$(BSP_ROOT)\nRF5x\components\device\nrf51422_peripherals.h">
      <Filter>include\Device-specific files</Filter>
    </ClInclude>
    <ClInclude Include="$(BSP_ROOT)\nRF5x\components\device\nrf51802_peripherals.h">
      <Filter>include\Device-specific files</Filter>
    </ClInclude>
    <ClInclude Include="$(BSP_ROOT)\nRF5x\components\device\nrf51822_peripherals.h">
      <Filter>include\Device-specific files</Filter>
    </ClInclude>
    <ClInclude Include="$(BSP_ROOT)\nRF5x\components\device\nrf51_bitfields.h">
      <Filter>include\Device-specific files</Filter>
    </ClInclude>
    <ClInclude Include="$(BSP_ROOT)\nRF5x\components\device\nrf51_deprecated.h">
      <Filter>include\Device-specific files</Filter>
    </ClInclude>
    <ClInclude Include="$(BSP_ROOT)\nRF5x\components\device\nrf51_to_nrf52.h">
      <Filter>include\Device-specific files</Filter>
    </ClInclude>
    <ClInclude Include="$(BSP_ROOT)\nRF5x\components\device\nrf51_to_nrf52810.h">
      <Filter>include\Device-specific files</Filter>
    </ClInclude>
    <ClInclude Include="$(BSP_ROOT)\nRF5x\components\device\nrf51_to_nrf52840.h">
      <Filter>include\Device-specific files</Filter>
    </ClInclude>
    <ClInclude Include="$(BSP_ROOT)\nRF5x\components\device\nrf52.h">
      <Filter>include\Device-specific files</Filter>
    </ClInclude>
    <ClInclude Include="$(BSP_ROOT)\nRF5x\components\device\nrf52810.h">
      <Filter>include\Device-specific files</Filter>
    </ClInclude>
    <ClInclude Include="$(BSP_ROOT)\nRF5x\components\device\nrf52810_bitfields.h">
      <Filter>include\Device-specific files</Filter>
    </ClInclude>
    <ClInclude Include="$(BSP_ROOT)\nRF5x\components\device\nrf52810_peripherals.h">
      <Filter>include\Device-specific files</Filter>
    </ClInclude>
    <ClInclude Include="$(BSP_ROOT)\nRF5x\components\device\nrf52832_peripherals.h">
      <Filter>include\Device-specific files</Filter>
    </ClInclude>
    <ClInclude Include="$(BSP_ROOT)\nRF5x\components\device\nrf52840.h">
      <Filter>include\Device-specific files</Filter>
    </ClInclude>
    <ClInclude Include="$(BSP_ROOT)\nRF5x\components\device\nrf52840_bitfields.h">
      <Filter>include\Device-specific files</Filter>
    </ClInclude>
    <ClInclude Include="$(BSP_ROOT)\nRF5x\components\device\nrf52840_peripherals.h">
      <Filter>include\Device-specific files</Filter>
    </ClInclude>
    <ClInclude Include="$(BSP_ROOT)\nRF5x\components\device\nrf52_bitfields.h">
      <Filter>include\Device-specific files</Filter>
    </ClInclude>
    <ClInclude Include="$(BSP_ROOT)\nRF5x\components\device\nrf52_name_change.h">
      <Filter>include\Device-specific files</Filter>
    </ClInclude>
    <ClInclude Include="$(BSP_ROOT)\nRF5x\components\device\nrf52_to_nrf52810.h">
      <Filter>include\Device-specific files</Filter>
    </ClInclude>
    <ClInclude Include="$(BSP_ROOT)\nRF5x\components\device\nrf52_to_nrf52840.h">
      <Filter>include\Device-specific files</Filter>
    </ClInclude>
    <ClInclude Include="$(BSP_ROOT)\nRF5x\components\drivers_nrf\ble_flash\ble_flash.h">
      <Filter>include\Device-specific files\Peripherals</Filter>
    </ClInclude>
    <ClInclude Include="$(BSP_ROOT)\nRF5x\components\drivers_nrf\clock\nrf_drv_clock.h">
      <Filter>include\Device-specific files\Peripherals</Filter>
    </ClInclude>
    <ClInclude Include="$(BSP_ROOT)\nRF5x\components\drivers_nrf\common\nrf_drv_common.h">
      <Filter>include\Device-specific files\Peripherals</Filter>
    </ClInclude>
    <ClInclude Include="$(BSP_ROOT)\nRF5x\components\drivers_nrf\comp\nrf_drv_comp.h">
      <Filter>include\Device-specific files\Peripherals</Filter>
    </ClInclude>
    <ClInclude Include="$(BSP_ROOT)\nRF5x\components\drivers_nrf\delay\nrf_delay.h">
      <Filter>include\Device-specific files\Peripherals</Filter>
    </ClInclude>
    <ClInclude Include="$(BSP_ROOT)\nRF5x\components\drivers_nrf\gpiote\nrf_drv_gpiote.h">
      <Filter>include\Device-specific files\Peripherals</Filter>
    </ClInclude>
    <ClInclude Include="$(BSP_ROOT)\nRF5x\components\drivers_nrf\hal\nrf_clock.h">
      <Filter>include\Device-specific files\Peripherals</Filter>
    </ClInclude>
    <ClInclude Include="$(BSP_ROOT)\nRF5x\components\drivers_nrf\hal\nrf_comp.h">
      <Filter>include\Device-specific files\Peripherals</Filter>
    </ClInclude>
    <ClInclude Include="$(BSP_ROOT)\nRF5x\components\drivers_nrf\hal\nrf_ecb.h">
      <Filter>include\Device-specific files\Peripherals</Filter>
    </ClInclude>
    <ClInclude Include="$(BSP_ROOT)\nRF5x\components\drivers_nrf\hal\nrf_egu.h">
      <Filter>include\Device-specific files\Peripherals</Filter>
    </ClInclude>
    <ClInclude Include="$(BSP_ROOT)\nRF5x\components\drivers_nrf\hal\nrf_gpio.h">
      <Filter>include\Device-specific files\Peripherals</Filter>
    </ClInclude>
    <ClInclude Include="$(BSP_ROOT)\nRF5x\components\drivers_nrf\hal\nrf_gpiote.h">
      <Filter>include\Device-specific files\Peripherals</Filter>
    </ClInclude>
    <ClInclude Include="$(BSP_ROOT)\nRF5x\components\drivers_nrf\hal\nrf_i2s.h">
      <Filter>include\Device-specific files\Peripherals</Filter>
    </ClInclude>
    <ClInclude Include="$(BSP_ROOT)\nRF5x\components\drivers_nrf\hal\nrf_lpcomp.h">
      <Filter>include\Device-specific files\Peripherals</Filter>
    </ClInclude>
    <ClInclude Include="$(BSP_ROOT)\nRF5x\components\drivers_nrf\hal\nrf_nvmc.h">
      <Filter>include\Device-specific files\Peripherals</Filter>
    </ClInclude>
    <ClInclude Include="$(BSP_ROOT)\nRF5x\components\drivers_nrf\hal\nrf_pdm.h">
      <Filter>include\Device-specific files\Peripherals</Filter>
    </ClInclude>
    <ClInclude Include="$(BSP_ROOT)\nRF5x\components\drivers_nrf\hal\nrf_peripherals.h">
      <Filter>include\Device-specific files\Peripherals</Filter>
    </ClInclude>
    <ClInclude Include="$(BSP_ROOT)\nRF5x\components\drivers_nrf\hal\nrf_power.h">
      <Filter>include\Device-specific files\Peripherals</Filter>
    </ClInclude>
    <ClInclude Include="$(BSP_ROOT)\nRF5x\components\drivers_nrf\hal\nrf_ppi.h">
      <Filter>include\Device-specific files\Peripherals</Filter>
    </ClInclude>
    <ClInclude Include="$(BSP_ROOT)\nRF5x\components\drivers_nrf\hal\nrf_pwm.h">
      <Filter>include\Device-specific files\Peripherals</Filter>
    </ClInclude>
    <ClInclude Include="$(BSP_ROOT)\nRF5x\components\drivers_nrf\hal\nrf_qdec.h">
      <Filter>include\Device-specific files\Peripherals</Filter>
    </ClInclude>
    <ClInclude Include="$(BSP_ROOT)\nRF5x\components\drivers_nrf\hal\nrf_qspi.h">
      <Filter>include\Device-specific files\Peripherals</Filter>
    </ClInclude>
    <ClInclude Include="$(BSP_ROOT)\nRF5x\components\drivers_nrf\hal\nrf_rng.h">
      <Filter>include\Device-specific files\Peripherals</Filter>
    </ClInclude>
    <ClInclude Include="$(BSP_ROOT)\nRF5x\components\drivers_nrf\hal\nrf_rtc.h">
      <Filter>include\Device-specific files\Peripherals</Filter>
    </ClInclude>
    <ClInclude Include="$(BSP_ROOT)\nRF5x\components\drivers_nrf\hal\nrf_saadc.h">
      <Filter>include\Device-specific files\Peripherals</Filter>
    </ClInclude>
    <ClInclude Include="$(BSP_ROOT)\nRF5x\components\drivers_nrf\hal\nrf_spi.h">
      <Filter>include\Device-specific files\Peripherals</Filter>
    </ClInclude>
    <ClInclude Include="$(BSP_ROOT)\nRF5x\components\drivers_nrf\hal\nrf_spim.h">
      <Filter>include\Device-specific files\Peripherals</Filter>
    </ClInclude>
    <ClInclude Include="$(BSP_ROOT)\nRF5x\components\drivers_nrf\hal\nrf_spis.h">
      <Filter>include\Device-specific files\Peripherals</Filter>
    </ClInclude>
    <ClInclude Include="$(BSP_ROOT)\nRF5x\components\drivers_nrf\hal\nrf_systick.h">
      <Filter>include\Device-specific files\Peripherals</Filter>
    </ClInclude>
    <ClInclude Include="$(BSP_ROOT)\nRF5x\components\drivers_nrf\hal\nrf_temp.h">
      <Filter>include\Device-specific files\Peripherals</Filter>
    </ClInclude>
    <ClInclude Include="$(BSP_ROOT)\nRF5x\components\drivers_nrf\hal\nrf_timer.h">
      <Filter>include\Device-specific files\Peripherals</Filter>
    </ClInclude>
    <ClInclude Include="$(BSP_ROOT)\nRF5x\components\drivers_nrf\hal\nrf_twi.h">
      <Filter>include\Device-specific files\Peripherals</Filter>
    </ClInclude>
    <ClInclude Include="$(BSP_ROOT)\nRF5x\components\drivers_nrf\hal\nrf_twim.h">
      <Filter>include\Device-specific files\Peripherals</Filter>
    </ClInclude>
    <ClInclude Include="$(BSP_ROOT)\nRF5x\components\drivers_nrf\hal\nrf_twis.h">
      <Filter>include\Device-specific files\Peripherals</Filter>
    </ClInclude>
    <ClInclude Include="$(BSP_ROOT)\nRF5x\components\drivers_nrf\hal\nrf_uart.h">
      <Filter>include\Device-specific files\Peripherals</Filter>
    </ClInclude>
    <ClInclude Include="$(BSP_ROOT)\nRF5x\components\drivers_nrf\hal\nrf_uarte.h">
      <Filter>include\Device-specific files\Peripherals</Filter>
    </ClInclude>
    <ClInclude Include="$(BSP_ROOT)\nRF5x\components\drivers_nrf\hal\nrf_usbd.h">
      <Filter>include\Device-specific files\Peripherals</Filter>
    </ClInclude>
    <ClInclude Include="$(BSP_ROOT)\nRF5x\components\drivers_nrf\hal\nrf_wdt.h">
      <Filter>include\Device-specific files\Peripherals</Filter>
    </ClInclude>
    <ClInclude Include="$(BSP_ROOT)\nRF5x\components\drivers_nrf\i2s\nrf_drv_i2s.h">
      <Filter>include\Device-specific files\Peripherals</Filter>
    </ClInclude>
    <ClInclude Include="$(BSP_ROOT)\nRF5x\components\drivers_nrf\lpcomp\nrf_drv_lpcomp.h">
      <Filter>include\Device-specific files\Peripherals</Filter>
    </ClInclude>
    <ClInclude Include="$(BSP_ROOT)\nRF5x\components\drivers_nrf\nrf_soc_nosd\nrf_error.h">
      <Filter>include\Device-specific files\Peripherals</Filter>
    </ClInclude>
    <ClInclude Include="$(BSP_ROOT)\nRF5x\components\drivers_nrf\nrf_soc_nosd\nrf_nvic.h">
      <Filter>include\Device-specific files\Peripherals</Filter>
    </ClInclude>
    <ClInclude Include="$(BSP_ROOT)\nRF5x\components\drivers_nrf\nrf_soc_nosd\nrf_soc.h">
      <Filter>include\Device-specific files\Peripherals</Filter>
    </ClInclude>
    <ClInclude Include="$(BSP_ROOT)\nRF5x\components\drivers_nrf\pdm\nrf_drv_pdm.h">
      <Filter>include\Device-specific files\Peripherals</Filter>
    </ClInclude>
    <ClInclude Include="$(BSP_ROOT)\nRF5x\components\drivers_nrf\power\nrf_drv_power.h">
      <Filter>include\Device-specific files\Peripherals</Filter>
    </ClInclude>
    <ClInclude Include="$(BSP_ROOT)\nRF5x\components\drivers_nrf\ppi\nrf_drv_ppi.h">
      <Filter>include\Device-specific files\Peripherals</Filter>
    </ClInclude>
    <ClInclude Include="$(BSP_ROOT)\nRF5x\components\drivers_nrf\pwm\nrf_drv_pwm.h">
      <Filter>include\Device-specific files\Peripherals</Filter>
    </ClInclude>
    <ClInclude Include="$(BSP_ROOT)\nRF5x\components\drivers_nrf\qdec\nrf_drv_qdec.h">
      <Filter>include\Device-specific files\Peripherals</Filter>
    </ClInclude>
    <ClInclude Include="$(BSP_ROOT)\nRF5x\components\drivers_nrf\qspi\nrf_drv_qspi.h">
      <Filter>include\Device-specific files\Peripherals</Filter>
    </ClInclude>
    <ClInclude Include="$(BSP_ROOT)\nRF5x\components\drivers_nrf\rng\nrf_drv_rng.h">
      <Filter>include\Device-specific files\Peripherals</Filter>
    </ClInclude>
    <ClInclude Include="$(BSP_ROOT)\nRF5x\components\drivers_nrf\rtc\nrf_drv_rtc.h">
      <Filter>include\Device-specific files\Peripherals</Filter>
    </ClInclude>
    <ClInclude Include="$(BSP_ROOT)\nRF5x\components\drivers_nrf\saadc\nrf_drv_saadc.h">
      <Filter>include\Device-specific files\Peripherals</Filter>
    </ClInclude>
    <ClInclude Include="$(BSP_ROOT)\nRF5x\components\drivers_nrf\sdio\sdio.h">
      <Filter>include\Device-specific files\Peripherals</Filter>
    </ClInclude>
    <ClInclude Include="$(BSP_ROOT)\nRF5x\components\drivers_nrf\systick\nrf_drv_systick.h">
      <Filter>include\Device-specific files\Peripherals</Filter>
    </ClInclude>
    <ClInclude Include="$(BSP_ROOT)\nRF5x\components\drivers_nrf\timer\nrf_drv_timer.h">
      <Filter>include\Device-specific files\Peripherals</Filter>
    </ClInclude>
    <ClInclude Include="$(BSP_ROOT)\nRF5x\components\drivers_nrf\twis_slave\nrf_drv_twis.h">
      <Filter>include\Device-specific files\Peripherals</Filter>
    </ClInclude>
    <ClInclude Include="$(BSP_ROOT)\nRF5x\components\drivers_nrf\twi_master\nrf_drv_twi.h">
      <Filter>include\Device-specific files\Peripherals</Filter>
    </ClInclude>
    <ClInclude Include="$(BSP_ROOT)\nRF5x\components\drivers_nrf\twi_master\deprecated\twi_master.h">
      <Filter>include\Device-specific files\Peripherals</Filter>
    </ClInclude>
    <ClInclude Include="$(BSP_ROOT)\nRF5x\components\drivers_nrf\usbd\nrf_drv_usbd.h">
      <Filter>include\Device-specific files\Peripherals</Filter>
    </ClInclude>
    <ClInclude Include="$(BSP_ROOT)\nRF5x\components\drivers_nrf\usbd\nrf_drv_usbd_errata.h">
      <Filter>include\Device-specific files\Peripherals</Filter>
    </ClInclude>
    <ClInclude Include="$(BSP_ROOT)\nRF5x\components\drivers_nrf\wdt\nrf_drv_wdt.h">
      <Filter>include\Device-specific files\Peripherals</Filter>
    </ClInclude>
    <ClInclude Include="$(BSP_ROOT)\nRF5x\components\libraries\util\app_error.h">
      <Filter>include\Device-specific files\Utils</Filter>
    </ClInclude>
    <ClInclude Include="$(BSP_ROOT)\nRF5x\components\libraries\util\app_error_weak.h">
      <Filter>include\Device-specific files\Utils</Filter>
    </ClInclude>
    <ClInclude Include="$(BSP_ROOT)\nRF5x\components\libraries\util\app_util.h">
      <Filter>include\Device-specific files\Utils</Filter>
    </ClInclude>
    <ClInclude Include="$(BSP_ROOT)\nRF5x\components\libraries\util\app_util_bds.h">
      <Filter>include\Device-specific files\Utils</Filter>
    </ClInclude>
    <ClInclude Include="$(BSP_ROOT)\nRF5x\components\libraries\util\app_util_platform.h">
      <Filter>include\Device-specific files\Utils</Filter>
    </ClInclude>
    <ClInclude Include="$(BSP_ROOT)\nRF5x\components\libraries\util\nordic_common.h">
      <Filter>include\Device-specific files\Utils</Filter>
    </ClInclude>
    <ClInclude Include="$(BSP_ROOT)\nRF5x\components\libraries\util\nrf_assert.h">
      <Filter>include\Device-specific files\Utils</Filter>
    </ClInclude>
    <ClInclude Include="$(BSP_ROOT)\nRF5x\components\libraries\util\nrf_bitmask.h">
      <Filter>include\Device-specific files\Utils</Filter>
    </ClInclude>
    <ClInclude Include="$(BSP_ROOT)\nRF5x\components\libraries\util\sdk_common.h">
      <Filter>include\Device-specific files\Utils</Filter>
    </ClInclude>
    <ClInclude Include="$(BSP_ROOT)\nRF5x\components\libraries\util\sdk_errors.h">
      <Filter>include\Device-specific files\Utils</Filter>
    </ClInclude>
    <ClInclude Include="$(BSP_ROOT)\nRF5x\components\libraries\util\sdk_macros.h">
      <Filter>include\Device-specific files\Utils</Filter>
    </ClInclude>
    <ClInclude Include="$(BSP_ROOT)\nRF5x\components\libraries\util\sdk_mapped_flags.h">
      <Filter>include\Device-specific files\Utils</Filter>
    </ClInclude>
    <ClInclude Include="$(BSP_ROOT)\nRF5x\components\libraries\util\sdk_os.h">
      <Filter>include\Device-specific files\Utils</Filter>
    </ClInclude>
    <ClInclude Include="$(BSP_ROOT)\nRF5x\components\libraries\util\sdk_resources.h">
      <Filter>include\Device-specific files\Utils</Filter>
    </ClInclude>
    <ClInclude Include="$(BSP_ROOT)\nRF5x\components\boards\boards.h">
      <Filter>include\Device-specific files\Boards</Filter>
    </ClInclude>
    <ClInclude Include="$(BSP_ROOT)\nRF5x\components\boards\pca10056.h">
      <Filter>include\Device-specific files\Boards</Filter>
    </ClInclude>
    <ClInclude Include="$(BSP_ROOT)\nRF5x\components\libraries\bsp\bsp.h">
      <Filter>include\Device-specific files\Boards</Filter>
    </ClInclude>
    <ClInclude Include="$(BSP_ROOT)\nRF5x\components\libraries\bsp\bsp_btn_ble.h">
      <Filter>include\Device-specific files\Boards</Filter>
    </ClInclude>
    <ClInclude Include="$(BSP_ROOT)\nRF5x\components\libraries\bsp\bsp_config.h">
      <Filter>include\Device-specific files\Boards</Filter>
    </ClInclude>
    <ClInclude Include="$(BSP_ROOT)\nRF5x\components\libraries\bsp\bsp_nfc.h">
      <Filter>include\Device-specific files\Boards</Filter>
    </ClInclude>
    <ClInclude Include="$(BSP_ROOT)\nRF5x\components\libraries\balloc\nrf_balloc.h">
      <Filter>include\Device-specific files\Libraries</Filter>
    </ClInclude>
    <ClInclude Include="$(BSP_ROOT)\nRF5x\components\libraries\cli\nrf_cli.h">
      <Filter>include\Device-specific files\Libraries</Filter>
    </ClInclude>
    <ClInclude Include="$(BSP_ROOT)\nRF5x\components\libraries\cli\nrf_cli_types.h">
      <Filter>include\Device-specific files\Libraries</Filter>
    </ClInclude>
    <ClInclude Include="$(BSP_ROOT)\nRF5x\components\libraries\cli\nrf_cli_vt100.h">
      <Filter>include\Device-specific files\Libraries</Filter>
    </ClInclude>
    <ClInclude Include="$(BSP_ROOT)\nRF5x\components\libraries\cli\cdc_acm\nrf_cli_cdc_acm.h">
      <Filter>include\Device-specific files\Libraries</Filter>
    </ClInclude>
    <ClInclude Include="$(BSP_ROOT)\nRF5x\components\libraries\cli\rtt\nrf_cli_rtt.h">
      <Filter>include\Device-specific files\Libraries</Filter>
    </ClInclude>
    <ClInclude Include="$(BSP_ROOT)\nRF5x\components\libraries\csense\nrf_csense.h">
      <Filter>include\Device-specific files\Libraries</Filter>
    </ClInclude>
    <ClInclude Include="$(BSP_ROOT)\nRF5x\components\libraries\csense\nrf_csense_macros.h">
      <Filter>include\Device-specific files\Libraries</Filter>
    </ClInclude>
    <ClInclude Include="$(BSP_ROOT)\nRF5x\components\libraries\csense_drv\nrf_drv_csense.h">
      <Filter>include\Device-specific files\Libraries</Filter>
    </ClInclude>
    <ClInclude Include="$(BSP_ROOT)\nRF5x\components\libraries\experimental_memobj\nrf_memobj.h">
      <Filter>include\Device-specific files\Libraries</Filter>
    </ClInclude>
    <ClInclude Include="$(BSP_ROOT)\nRF5x\components\libraries\experimental_mpu\nrf_mpu.h">
      <Filter>include\Device-specific files\Libraries</Filter>
    </ClInclude>
    <ClInclude Include="$(BSP_ROOT)\nRF5x\components\libraries\experimental_ringbuf\nrf_ringbuf.h">
      <Filter>include\Device-specific files\Libraries</Filter>
    </ClInclude>
    <ClInclude Include="$(BSP_ROOT)\nRF5x\components\libraries\experimental_section_vars\nrf_section.h">
      <Filter>include\Device-specific files\Libraries</Filter>
    </ClInclude>
    <ClInclude Include="$(BSP_ROOT)\nRF5x\components\libraries\experimental_section_vars\nrf_section_iter.h">
      <Filter>include\Device-specific files\Libraries</Filter>
    </ClInclude>
    <ClInclude Include="$(BSP_ROOT)\nRF5x\components\libraries\experimental_stack_guard\nrf_stack_guard.h">
      <Filter>include\Device-specific files\Libraries</Filter>
    </ClInclude>
    <ClInclude Include="$(BSP_ROOT)\nRF5x\components\libraries\fstorage\nrf_fstorage.h">
      <Filter>include\Device-specific files\Libraries</Filter>
    </ClInclude>
    <ClInclude Include="$(BSP_ROOT)\nRF5x\components\libraries\fstorage\nrf_fstorage_nvmc.h">
      <Filter>include\Device-specific files\Libraries</Filter>
    </ClInclude>
    <ClInclude Include="$(BSP_ROOT)\nRF5x\components\libraries\fstorage\nrf_fstorage_sd.h">
      <Filter>include\Device-specific files\Libraries</Filter>
    </ClInclude>
    <ClInclude Include="$(BSP_ROOT)\nRF5x\components\libraries\gfx\nrf_gfx.h">
      <Filter>include\Device-specific files\Libraries</Filter>
    </ClInclude>
    <ClInclude Include="$(BSP_ROOT)\nRF5x\components\libraries\gfx\nrf_lcd.h">
      <Filter>include\Device-specific files\Libraries</Filter>
    </ClInclude>
    <ClInclude Include="$(BSP_ROOT)\nRF5x\components\libraries\gpiote\app_gpiote.h">
      <Filter>include\Device-specific files\Libraries</Filter>
    </ClInclude>
    <ClInclude Include="$(BSP_ROOT)\nRF5x\components\libraries\hardfault\hardfault.h">
      <Filter>include\Device-specific files\Libraries</Filter>
    </ClInclude>
    <ClInclude Include="$(BSP_ROOT)\nRF5x\components\libraries\hardfault\hardfault_genhf.h">
      <Filter>include\Device-specific files\Libraries</Filter>
    </ClInclude>
    <ClInclude Include="$(BSP_ROOT)\nRF5x\components\libraries\mutex\nrf_mtx.h">
      <Filter>include\Device-specific files\Libraries</Filter>
    </ClInclude>
    <ClInclude Include="$(BSP_ROOT)\nRF5x\components\libraries\serial\nrf_serial.h">
      <Filter>include\Device-specific files\Libraries</Filter>
    </ClInclude>
    <ClInclude Include="$(BSP_ROOT)\nRF5x\components\libraries\sortlist\nrf_sortlist.h">
      <Filter>include\Device-specific files\Libraries</Filter>
    </ClInclude>
    <ClInclude Include="$(BSP_ROOT)\nRF5x\components\libraries\spi_mngr\nrf_spi_mngr.h">
      <Filter>include\Device-specific files\Libraries</Filter>
    </ClInclude>
    <ClInclude Include="$(BSP_ROOT)\nRF5x\components\libraries\strerror\nrf_strerror.h">
      <Filter>include\Device-specific files\Libraries</Filter>
    </ClInclude>
    <ClInclude Include="$(BSP_ROOT)\nRF5x\components\libraries\twi_mngr\nrf_twi_mngr.h">
      <Filter>include\Device-specific files\Libraries</Filter>
    </ClInclude>
    <ClInclude Include="$(BSP_ROOT)\nRF5x\external\fprintf\nrf_fprintf.h">
      <Filter>include\Device-specific files\Libraries</Filter>
    </ClInclude>
    <ClInclude Include="$(BSP_ROOT)\nRF5x\external\fprintf\nrf_fprintf_format.h">
      <Filter>include\Device-specific files\Libraries</Filter>
    </ClInclude>
    <None Include="hsm-Debug.vgdbsettings">
      <Filter>VisualGDB settings</Filter>
    </None>
    <None Include="hsm-Release.vgdbsettings">
      <Filter>VisualGDB settings</Filter>
    </None>
    <None Include="nrf5x.xml">
      <Filter>VisualGDB settings</Filter>
    </None>
  </ItemGroup>
  <ItemGroup>
    <ClCompile Include="src\main.cpp">
      <Filter>src</Filter>
    </ClCompile>
  </ItemGroup>
  <ItemGroup>
    <ClInclude Include="radio_config.h">
      <Filter>include\nrf52</Filter>
    </ClInclude>
    <ClInclude Include="sdio_config.h">
      <Filter>include\nrf52</Filter>
    </ClInclude>
    <ClInclude Include="sdk_config.h">
      <Filter>include\nrf52</Filter>
    </ClInclude>
    <ClInclude Include="include\uhsm\statechart.h">
      <Filter>include\uhsm</Filter>
    </ClInclude>
  </ItemGroup>
</Project>